{
	"name": "kyc-server",
	"version": "0.1.0",
	"lockfileVersion": 3,
	"requires": true,
	"packages": {
		"": {
			"name": "kyc-server",
			"version": "0.1.0",
			"dependencies": {
				"@hookform/resolvers": "^4.1.2",
				"@radix-ui/react-label": "^2.1.2",
				"@radix-ui/react-select": "^2.1.6",
				"@radix-ui/react-slot": "^1.1.2",
				"@simplewebauthn/server": "^13.1.1",
				"base64url": "^3.0.1",
				"bun-plugin-tailwind": "^0.0.14",
				"class-variance-authority": "^0.7.1",
				"clsx": "^2.1.1",
				"kyc-server": "file:",
				"lucide-react": "^0.477.0",
				"react": "^19",
				"react-dom": "^19",
				"react-hook-form": "^7.54.2",
				"react-router-dom": "^7.2.0",
				"tailwind-merge": "^3.0.2",
				"tailwindcss": "^4.0.9",
				"tailwindcss-animate": "^1.0.7",
				"zod": "^3.24.2"
			},
			"devDependencies": {
				"@types/bun": "latest",
				"@types/react": "^19",
				"@types/react-dom": "^19"
			}
		},
		"node_modules/@floating-ui/core": {
			"version": "1.6.9",
			"resolved": "https://registry.npmjs.org/@floating-ui/core/-/core-1.6.9.tgz",
			"integrity": "sha512-uMXCuQ3BItDUbAMhIXw7UPXRfAlOAvZzdK9BWpE60MCn+Svt3aLn9jsPTi/WNGlRUu2uI0v5S7JiIUsbsvh3fw==",
			"license": "MIT",
			"dependencies": {
				"@floating-ui/utils": "^0.2.9"
			}
		},
		"node_modules/@floating-ui/dom": {
			"version": "1.6.13",
			"resolved": "https://registry.npmjs.org/@floating-ui/dom/-/dom-1.6.13.tgz",
			"integrity": "sha512-umqzocjDgNRGTuO7Q8CU32dkHkECqI8ZdMZ5Swb6QAM0t5rnlrN3lGo1hdpscRd3WS8T6DKYK4ephgIH9iRh3w==",
			"license": "MIT",
			"dependencies": {
				"@floating-ui/core": "^1.6.0",
				"@floating-ui/utils": "^0.2.9"
			}
		},
		"node_modules/@floating-ui/react-dom": {
			"version": "2.1.2",
			"resolved": "https://registry.npmjs.org/@floating-ui/react-dom/-/react-dom-2.1.2.tgz",
			"integrity": "sha512-06okr5cgPzMNBy+Ycse2A6udMi4bqwW/zgBF/rwjcNqWkyr82Mcg8b0vjX8OJpZFy/FKjJmw6wV7t44kK6kW7A==",
			"license": "MIT",
			"dependencies": {
				"@floating-ui/dom": "^1.0.0"
			},
			"peerDependencies": {
				"react": ">=16.8.0",
				"react-dom": ">=16.8.0"
			}
		},
		"node_modules/@floating-ui/utils": {
			"version": "0.2.9",
			"resolved": "https://registry.npmjs.org/@floating-ui/utils/-/utils-0.2.9.tgz",
			"integrity": "sha512-MDWhGtE+eHw5JW7lq4qhc5yRLS11ERl1c7Z6Xd0a58DozHES6EnNNwUWbMiG4J9Cgj053Bhk8zvlhFYKVhULwg==",
			"license": "MIT"
		},
		"node_modules/@hexagon/base64": {
			"version": "1.1.28",
			"resolved": "https://registry.npmjs.org/@hexagon/base64/-/base64-1.1.28.tgz",
			"integrity": "sha512-lhqDEAvWixy3bZ+UOYbPwUbBkwBq5C1LAJ/xPC8Oi+lL54oyakv/npbA0aU2hgCsx/1NUd4IBvV03+aUBWxerw==",
			"license": "MIT"
		},
		"node_modules/@hookform/resolvers": {
			"version": "4.1.3",
			"resolved": "https://registry.npmjs.org/@hookform/resolvers/-/resolvers-4.1.3.tgz",
			"integrity": "sha512-Jsv6UOWYTrEFJ/01ZrnwVXs7KDvP8XIo115i++5PWvNkNvkrsTfGiLS6w+eJ57CYtUtDQalUWovCZDHFJ8u1VQ==",
			"license": "MIT",
			"dependencies": {
				"@standard-schema/utils": "^0.3.0"
			},
			"peerDependencies": {
				"react-hook-form": "^7.0.0"
			}
		},
		"node_modules/@levischuck/tiny-cbor": {
			"version": "0.2.11",
			"resolved": "https://registry.npmjs.org/@levischuck/tiny-cbor/-/tiny-cbor-0.2.11.tgz",
			"integrity": "sha512-llBRm4dT4Z89aRsm6u2oEZ8tfwL/2l6BwpZ7JcyieouniDECM5AqNgr/y08zalEIvW3RSK4upYyybDcmjXqAow==",
			"license": "MIT"
		},
		"node_modules/@peculiar/asn1-android": {
			"version": "2.3.16",
			"resolved": "https://registry.npmjs.org/@peculiar/asn1-android/-/asn1-android-2.3.16.tgz",
			"integrity": "sha512-a1viIv3bIahXNssrOIkXZIlI2ePpZaNmR30d4aBL99mu2rO+mT9D6zBsp7H6eROWGtmwv0Ionp5olJurIo09dw==",
			"license": "MIT",
			"dependencies": {
				"@peculiar/asn1-schema": "^2.3.15",
				"asn1js": "^3.0.5",
				"tslib": "^2.8.1"
			}
		},
		"node_modules/@peculiar/asn1-ecc": {
			"version": "2.3.15",
			"resolved": "https://registry.npmjs.org/@peculiar/asn1-ecc/-/asn1-ecc-2.3.15.tgz",
			"integrity": "sha512-/HtR91dvgog7z/WhCVdxZJ/jitJuIu8iTqiyWVgRE9Ac5imt2sT/E4obqIVGKQw7PIy+X6i8lVBoT6wC73XUgA==",
			"license": "MIT",
			"dependencies": {
				"@peculiar/asn1-schema": "^2.3.15",
				"@peculiar/asn1-x509": "^2.3.15",
				"asn1js": "^3.0.5",
				"tslib": "^2.8.1"
			}
		},
		"node_modules/@peculiar/asn1-rsa": {
			"version": "2.3.15",
			"resolved": "https://registry.npmjs.org/@peculiar/asn1-rsa/-/asn1-rsa-2.3.15.tgz",
			"integrity": "sha512-p6hsanvPhexRtYSOHihLvUUgrJ8y0FtOM97N5UEpC+VifFYyZa0iZ5cXjTkZoDwxJ/TTJ1IJo3HVTB2JJTpXvg==",
			"license": "MIT",
			"dependencies": {
				"@peculiar/asn1-schema": "^2.3.15",
				"@peculiar/asn1-x509": "^2.3.15",
				"asn1js": "^3.0.5",
				"tslib": "^2.8.1"
			}
		},
		"node_modules/@peculiar/asn1-schema": {
			"version": "2.3.15",
			"resolved": "https://registry.npmjs.org/@peculiar/asn1-schema/-/asn1-schema-2.3.15.tgz",
			"integrity": "sha512-QPeD8UA8axQREpgR5UTAfu2mqQmm97oUqahDtNdBcfj3qAnoXzFdQW+aNf/tD2WVXF8Fhmftxoj0eMIT++gX2w==",
			"license": "MIT",
			"dependencies": {
				"asn1js": "^3.0.5",
				"pvtsutils": "^1.3.6",
				"tslib": "^2.8.1"
			}
		},
		"node_modules/@peculiar/asn1-x509": {
			"version": "2.3.15",
			"resolved": "https://registry.npmjs.org/@peculiar/asn1-x509/-/asn1-x509-2.3.15.tgz",
			"integrity": "sha512-0dK5xqTqSLaxv1FHXIcd4Q/BZNuopg+u1l23hT9rOmQ1g4dNtw0g/RnEi+TboB0gOwGtrWn269v27cMgchFIIg==",
			"license": "MIT",
			"dependencies": {
				"@peculiar/asn1-schema": "^2.3.15",
				"asn1js": "^3.0.5",
				"pvtsutils": "^1.3.6",
				"tslib": "^2.8.1"
			}
		},
		"node_modules/@radix-ui/number": {
			"version": "1.1.1",
			"resolved": "https://registry.npmjs.org/@radix-ui/number/-/number-1.1.1.tgz",
			"integrity": "sha512-MkKCwxlXTgz6CFoJx3pCwn07GKp36+aZyu/u2Ln2VrA5DcdyCZkASEDBTd8x5whTQQL5CiYf4prXKLcgQdv29g==",
			"license": "MIT"
		},
		"node_modules/@radix-ui/primitive": {
			"version": "1.1.2",
			"resolved": "https://registry.npmjs.org/@radix-ui/primitive/-/primitive-1.1.2.tgz",
			"integrity": "sha512-XnbHrrprsNqZKQhStrSwgRUQzoCI1glLzdw79xiZPoofhGICeZRSQ3dIxAKH1gb3OHfNf4d6f+vAv3kil2eggA==",
			"license": "MIT"
		},
		"node_modules/@radix-ui/react-arrow": {
			"version": "1.1.4",
			"resolved": "https://registry.npmjs.org/@radix-ui/react-arrow/-/react-arrow-1.1.4.tgz",
			"integrity": "sha512-qz+fxrqgNxG0dYew5l7qR3c7wdgRu1XVUHGnGYX7rg5HM4p9SWaRmJwfgR3J0SgyUKayLmzQIun+N6rWRgiRKw==",
			"license": "MIT",
			"dependencies": {
				"@radix-ui/react-primitive": "2.1.0"
			},
			"peerDependencies": {
				"@types/react": "*",
				"@types/react-dom": "*",
				"react": "^16.8 || ^17.0 || ^18.0 || ^19.0 || ^19.0.0-rc",
				"react-dom": "^16.8 || ^17.0 || ^18.0 || ^19.0 || ^19.0.0-rc"
			},
			"peerDependenciesMeta": {
				"@types/react": {
					"optional": true
				},
				"@types/react-dom": {
					"optional": true
				}
			}
		},
		"node_modules/@radix-ui/react-collection": {
			"version": "1.1.4",
			"resolved": "https://registry.npmjs.org/@radix-ui/react-collection/-/react-collection-1.1.4.tgz",
			"integrity": "sha512-cv4vSf7HttqXilDnAnvINd53OTl1/bjUYVZrkFnA7nwmY9Ob2POUy0WY0sfqBAe1s5FyKsyceQlqiEGPYNTadg==",
			"license": "MIT",
			"dependencies": {
				"@radix-ui/react-compose-refs": "1.1.2",
				"@radix-ui/react-context": "1.1.2",
				"@radix-ui/react-primitive": "2.1.0",
				"@radix-ui/react-slot": "1.2.0"
			},
			"peerDependencies": {
				"@types/react": "*",
				"@types/react-dom": "*",
				"react": "^16.8 || ^17.0 || ^18.0 || ^19.0 || ^19.0.0-rc",
				"react-dom": "^16.8 || ^17.0 || ^18.0 || ^19.0 || ^19.0.0-rc"
			},
			"peerDependenciesMeta": {
				"@types/react": {
					"optional": true
				},
				"@types/react-dom": {
					"optional": true
				}
			}
		},
		"node_modules/@radix-ui/react-compose-refs": {
			"version": "1.1.2",
			"resolved": "https://registry.npmjs.org/@radix-ui/react-compose-refs/-/react-compose-refs-1.1.2.tgz",
			"integrity": "sha512-z4eqJvfiNnFMHIIvXP3CY57y2WJs5g2v3X0zm9mEJkrkNv4rDxu+sg9Jh8EkXyeqBkB7SOcboo9dMVqhyrACIg==",
			"license": "MIT",
			"peerDependencies": {
				"@types/react": "*",
				"react": "^16.8 || ^17.0 || ^18.0 || ^19.0 || ^19.0.0-rc"
			},
			"peerDependenciesMeta": {
				"@types/react": {
					"optional": true
				}
			}
		},
		"node_modules/@radix-ui/react-context": {
			"version": "1.1.2",
			"resolved": "https://registry.npmjs.org/@radix-ui/react-context/-/react-context-1.1.2.tgz",
			"integrity": "sha512-jCi/QKUM2r1Ju5a3J64TH2A5SpKAgh0LpknyqdQ4m6DCV0xJ2HG1xARRwNGPQfi1SLdLWZ1OJz6F4OMBBNiGJA==",
			"license": "MIT",
			"peerDependencies": {
				"@types/react": "*",
				"react": "^16.8 || ^17.0 || ^18.0 || ^19.0 || ^19.0.0-rc"
			},
			"peerDependenciesMeta": {
				"@types/react": {
					"optional": true
				}
			}
		},
		"node_modules/@radix-ui/react-direction": {
			"version": "1.1.1",
			"resolved": "https://registry.npmjs.org/@radix-ui/react-direction/-/react-direction-1.1.1.tgz",
			"integrity": "sha512-1UEWRX6jnOA2y4H5WczZ44gOOjTEmlqv1uNW4GAJEO5+bauCBhv8snY65Iw5/VOS/ghKN9gr2KjnLKxrsvoMVw==",
			"license": "MIT",
			"peerDependencies": {
				"@types/react": "*",
				"react": "^16.8 || ^17.0 || ^18.0 || ^19.0 || ^19.0.0-rc"
			},
			"peerDependenciesMeta": {
				"@types/react": {
					"optional": true
				}
			}
		},
		"node_modules/@radix-ui/react-dismissable-layer": {
			"version": "1.1.7",
			"resolved": "https://registry.npmjs.org/@radix-ui/react-dismissable-layer/-/react-dismissable-layer-1.1.7.tgz",
			"integrity": "sha512-j5+WBUdhccJsmH5/H0K6RncjDtoALSEr6jbkaZu+bjw6hOPOhHycr6vEUujl+HBK8kjUfWcoCJXxP6e4lUlMZw==",
			"license": "MIT",
			"dependencies": {
				"@radix-ui/primitive": "1.1.2",
				"@radix-ui/react-compose-refs": "1.1.2",
				"@radix-ui/react-primitive": "2.1.0",
				"@radix-ui/react-use-callback-ref": "1.1.1",
				"@radix-ui/react-use-escape-keydown": "1.1.1"
			},
			"peerDependencies": {
				"@types/react": "*",
				"@types/react-dom": "*",
				"react": "^16.8 || ^17.0 || ^18.0 || ^19.0 || ^19.0.0-rc",
				"react-dom": "^16.8 || ^17.0 || ^18.0 || ^19.0 || ^19.0.0-rc"
			},
			"peerDependenciesMeta": {
				"@types/react": {
					"optional": true
				},
				"@types/react-dom": {
					"optional": true
				}
			}
		},
		"node_modules/@radix-ui/react-focus-guards": {
			"version": "1.1.2",
			"resolved": "https://registry.npmjs.org/@radix-ui/react-focus-guards/-/react-focus-guards-1.1.2.tgz",
			"integrity": "sha512-fyjAACV62oPV925xFCrH8DR5xWhg9KYtJT4s3u54jxp+L/hbpTY2kIeEFFbFe+a/HCE94zGQMZLIpVTPVZDhaA==",
			"license": "MIT",
			"peerDependencies": {
				"@types/react": "*",
				"react": "^16.8 || ^17.0 || ^18.0 || ^19.0 || ^19.0.0-rc"
			},
			"peerDependenciesMeta": {
				"@types/react": {
					"optional": true
				}
			}
		},
		"node_modules/@radix-ui/react-focus-scope": {
			"version": "1.1.4",
			"resolved": "https://registry.npmjs.org/@radix-ui/react-focus-scope/-/react-focus-scope-1.1.4.tgz",
			"integrity": "sha512-r2annK27lIW5w9Ho5NyQgqs0MmgZSTIKXWpVCJaLC1q2kZrZkcqnmHkCHMEmv8XLvsLlurKMPT+kbKkRkm/xVA==",
			"license": "MIT",
			"dependencies": {
				"@radix-ui/react-compose-refs": "1.1.2",
				"@radix-ui/react-primitive": "2.1.0",
				"@radix-ui/react-use-callback-ref": "1.1.1"
			},
			"peerDependencies": {
				"@types/react": "*",
				"@types/react-dom": "*",
				"react": "^16.8 || ^17.0 || ^18.0 || ^19.0 || ^19.0.0-rc",
				"react-dom": "^16.8 || ^17.0 || ^18.0 || ^19.0 || ^19.0.0-rc"
			},
			"peerDependenciesMeta": {
				"@types/react": {
					"optional": true
				},
				"@types/react-dom": {
					"optional": true
				}
			}
		},
		"node_modules/@radix-ui/react-id": {
			"version": "1.1.1",
			"resolved": "https://registry.npmjs.org/@radix-ui/react-id/-/react-id-1.1.1.tgz",
			"integrity": "sha512-kGkGegYIdQsOb4XjsfM97rXsiHaBwco+hFI66oO4s9LU+PLAC5oJ7khdOVFxkhsmlbpUqDAvXw11CluXP+jkHg==",
			"license": "MIT",
			"dependencies": {
				"@radix-ui/react-use-layout-effect": "1.1.1"
			},
			"peerDependencies": {
				"@types/react": "*",
				"react": "^16.8 || ^17.0 || ^18.0 || ^19.0 || ^19.0.0-rc"
			},
			"peerDependenciesMeta": {
				"@types/react": {
					"optional": true
				}
			}
		},
		"node_modules/@radix-ui/react-label": {
			"version": "2.1.4",
			"resolved": "https://registry.npmjs.org/@radix-ui/react-label/-/react-label-2.1.4.tgz",
			"integrity": "sha512-wy3dqizZnZVV4ja0FNnUhIWNwWdoldXrneEyUcVtLYDAt8ovGS4ridtMAOGgXBBIfggL4BOveVWsjXDORdGEQg==",
			"license": "MIT",
			"dependencies": {
				"@radix-ui/react-primitive": "2.1.0"
			},
			"peerDependencies": {
				"@types/react": "*",
				"@types/react-dom": "*",
				"react": "^16.8 || ^17.0 || ^18.0 || ^19.0 || ^19.0.0-rc",
				"react-dom": "^16.8 || ^17.0 || ^18.0 || ^19.0 || ^19.0.0-rc"
			},
			"peerDependenciesMeta": {
				"@types/react": {
					"optional": true
				},
				"@types/react-dom": {
					"optional": true
				}
			}
		},
		"node_modules/@radix-ui/react-popper": {
			"version": "1.2.4",
			"resolved": "https://registry.npmjs.org/@radix-ui/react-popper/-/react-popper-1.2.4.tgz",
			"integrity": "sha512-3p2Rgm/a1cK0r/UVkx5F/K9v/EplfjAeIFCGOPYPO4lZ0jtg4iSQXt/YGTSLWaf4x7NG6Z4+uKFcylcTZjeqDA==",
			"license": "MIT",
			"dependencies": {
				"@floating-ui/react-dom": "^2.0.0",
				"@radix-ui/react-arrow": "1.1.4",
				"@radix-ui/react-compose-refs": "1.1.2",
				"@radix-ui/react-context": "1.1.2",
				"@radix-ui/react-primitive": "2.1.0",
				"@radix-ui/react-use-callback-ref": "1.1.1",
				"@radix-ui/react-use-layout-effect": "1.1.1",
				"@radix-ui/react-use-rect": "1.1.1",
				"@radix-ui/react-use-size": "1.1.1",
				"@radix-ui/rect": "1.1.1"
			},
			"peerDependencies": {
				"@types/react": "*",
				"@types/react-dom": "*",
				"react": "^16.8 || ^17.0 || ^18.0 || ^19.0 || ^19.0.0-rc",
				"react-dom": "^16.8 || ^17.0 || ^18.0 || ^19.0 || ^19.0.0-rc"
			},
			"peerDependenciesMeta": {
				"@types/react": {
					"optional": true
				},
				"@types/react-dom": {
					"optional": true
				}
			}
		},
		"node_modules/@radix-ui/react-portal": {
			"version": "1.1.6",
			"resolved": "https://registry.npmjs.org/@radix-ui/react-portal/-/react-portal-1.1.6.tgz",
			"integrity": "sha512-XmsIl2z1n/TsYFLIdYam2rmFwf9OC/Sh2avkbmVMDuBZIe7hSpM0cYnWPAo7nHOVx8zTuwDZGByfcqLdnzp3Vw==",
			"license": "MIT",
			"dependencies": {
				"@radix-ui/react-primitive": "2.1.0",
				"@radix-ui/react-use-layout-effect": "1.1.1"
			},
			"peerDependencies": {
				"@types/react": "*",
				"@types/react-dom": "*",
				"react": "^16.8 || ^17.0 || ^18.0 || ^19.0 || ^19.0.0-rc",
				"react-dom": "^16.8 || ^17.0 || ^18.0 || ^19.0 || ^19.0.0-rc"
			},
			"peerDependenciesMeta": {
				"@types/react": {
					"optional": true
				},
				"@types/react-dom": {
					"optional": true
				}
			}
		},
		"node_modules/@radix-ui/react-primitive": {
			"version": "2.1.0",
			"resolved": "https://registry.npmjs.org/@radix-ui/react-primitive/-/react-primitive-2.1.0.tgz",
			"integrity": "sha512-/J/FhLdK0zVcILOwt5g+dH4KnkonCtkVJsa2G6JmvbbtZfBEI1gMsO3QMjseL4F/SwfAMt1Vc/0XKYKq+xJ1sw==",
			"license": "MIT",
			"dependencies": {
				"@radix-ui/react-slot": "1.2.0"
			},
			"peerDependencies": {
				"@types/react": "*",
				"@types/react-dom": "*",
				"react": "^16.8 || ^17.0 || ^18.0 || ^19.0 || ^19.0.0-rc",
				"react-dom": "^16.8 || ^17.0 || ^18.0 || ^19.0 || ^19.0.0-rc"
			},
			"peerDependenciesMeta": {
				"@types/react": {
					"optional": true
				},
				"@types/react-dom": {
					"optional": true
				}
			}
		},
		"node_modules/@radix-ui/react-select": {
			"version": "2.2.2",
			"resolved": "https://registry.npmjs.org/@radix-ui/react-select/-/react-select-2.2.2.tgz",
			"integrity": "sha512-HjkVHtBkuq+r3zUAZ/CvNWUGKPfuicGDbgtZgiQuFmNcV5F+Tgy24ep2nsAW2nFgvhGPJVqeBZa6KyVN0EyrBA==",
			"license": "MIT",
			"dependencies": {
				"@radix-ui/number": "1.1.1",
				"@radix-ui/primitive": "1.1.2",
				"@radix-ui/react-collection": "1.1.4",
				"@radix-ui/react-compose-refs": "1.1.2",
				"@radix-ui/react-context": "1.1.2",
				"@radix-ui/react-direction": "1.1.1",
				"@radix-ui/react-dismissable-layer": "1.1.7",
				"@radix-ui/react-focus-guards": "1.1.2",
				"@radix-ui/react-focus-scope": "1.1.4",
				"@radix-ui/react-id": "1.1.1",
				"@radix-ui/react-popper": "1.2.4",
				"@radix-ui/react-portal": "1.1.6",
				"@radix-ui/react-primitive": "2.1.0",
				"@radix-ui/react-slot": "1.2.0",
				"@radix-ui/react-use-callback-ref": "1.1.1",
				"@radix-ui/react-use-controllable-state": "1.2.2",
				"@radix-ui/react-use-layout-effect": "1.1.1",
				"@radix-ui/react-use-previous": "1.1.1",
				"@radix-ui/react-visually-hidden": "1.2.0",
				"aria-hidden": "^1.2.4",
				"react-remove-scroll": "^2.6.3"
			},
			"peerDependencies": {
				"@types/react": "*",
				"@types/react-dom": "*",
				"react": "^16.8 || ^17.0 || ^18.0 || ^19.0 || ^19.0.0-rc",
				"react-dom": "^16.8 || ^17.0 || ^18.0 || ^19.0 || ^19.0.0-rc"
			},
			"peerDependenciesMeta": {
				"@types/react": {
					"optional": true
				},
				"@types/react-dom": {
					"optional": true
				}
			}
		},
		"node_modules/@radix-ui/react-slot": {
			"version": "1.2.0",
			"resolved": "https://registry.npmjs.org/@radix-ui/react-slot/-/react-slot-1.2.0.tgz",
			"integrity": "sha512-ujc+V6r0HNDviYqIK3rW4ffgYiZ8g5DEHrGJVk4x7kTlLXRDILnKX9vAUYeIsLOoDpDJ0ujpqMkjH4w2ofuo6w==",
			"license": "MIT",
			"dependencies": {
				"@radix-ui/react-compose-refs": "1.1.2"
			},
			"peerDependencies": {
				"@types/react": "*",
				"react": "^16.8 || ^17.0 || ^18.0 || ^19.0 || ^19.0.0-rc"
			},
			"peerDependenciesMeta": {
				"@types/react": {
					"optional": true
				}
			}
		},
		"node_modules/@radix-ui/react-use-callback-ref": {
			"version": "1.1.1",
			"resolved": "https://registry.npmjs.org/@radix-ui/react-use-callback-ref/-/react-use-callback-ref-1.1.1.tgz",
			"integrity": "sha512-FkBMwD+qbGQeMu1cOHnuGB6x4yzPjho8ap5WtbEJ26umhgqVXbhekKUQO+hZEL1vU92a3wHwdp0HAcqAUF5iDg==",
			"license": "MIT",
			"peerDependencies": {
				"@types/react": "*",
				"react": "^16.8 || ^17.0 || ^18.0 || ^19.0 || ^19.0.0-rc"
			},
			"peerDependenciesMeta": {
				"@types/react": {
					"optional": true
				}
			}
		},
		"node_modules/@radix-ui/react-use-controllable-state": {
			"version": "1.2.2",
			"resolved": "https://registry.npmjs.org/@radix-ui/react-use-controllable-state/-/react-use-controllable-state-1.2.2.tgz",
			"integrity": "sha512-BjasUjixPFdS+NKkypcyyN5Pmg83Olst0+c6vGov0diwTEo6mgdqVR6hxcEgFuh4QrAs7Rc+9KuGJ9TVCj0Zzg==",
			"license": "MIT",
			"dependencies": {
				"@radix-ui/react-use-effect-event": "0.0.2",
				"@radix-ui/react-use-layout-effect": "1.1.1"
			},
			"peerDependencies": {
				"@types/react": "*",
				"react": "^16.8 || ^17.0 || ^18.0 || ^19.0 || ^19.0.0-rc"
			},
			"peerDependenciesMeta": {
				"@types/react": {
					"optional": true
				}
			}
		},
		"node_modules/@radix-ui/react-use-effect-event": {
			"version": "0.0.2",
			"resolved": "https://registry.npmjs.org/@radix-ui/react-use-effect-event/-/react-use-effect-event-0.0.2.tgz",
			"integrity": "sha512-Qp8WbZOBe+blgpuUT+lw2xheLP8q0oatc9UpmiemEICxGvFLYmHm9QowVZGHtJlGbS6A6yJ3iViad/2cVjnOiA==",
			"license": "MIT",
			"dependencies": {
				"@radix-ui/react-use-layout-effect": "1.1.1"
			},
			"peerDependencies": {
				"@types/react": "*",
				"react": "^16.8 || ^17.0 || ^18.0 || ^19.0 || ^19.0.0-rc"
			},
			"peerDependenciesMeta": {
				"@types/react": {
					"optional": true
				}
			}
		},
		"node_modules/@radix-ui/react-use-escape-keydown": {
			"version": "1.1.1",
			"resolved": "https://registry.npmjs.org/@radix-ui/react-use-escape-keydown/-/react-use-escape-keydown-1.1.1.tgz",
			"integrity": "sha512-Il0+boE7w/XebUHyBjroE+DbByORGR9KKmITzbR7MyQ4akpORYP/ZmbhAr0DG7RmmBqoOnZdy2QlvajJ2QA59g==",
			"license": "MIT",
			"dependencies": {
				"@radix-ui/react-use-callback-ref": "1.1.1"
			},
			"peerDependencies": {
				"@types/react": "*",
				"react": "^16.8 || ^17.0 || ^18.0 || ^19.0 || ^19.0.0-rc"
			},
			"peerDependenciesMeta": {
				"@types/react": {
					"optional": true
				}
			}
		},
		"node_modules/@radix-ui/react-use-layout-effect": {
			"version": "1.1.1",
			"resolved": "https://registry.npmjs.org/@radix-ui/react-use-layout-effect/-/react-use-layout-effect-1.1.1.tgz",
			"integrity": "sha512-RbJRS4UWQFkzHTTwVymMTUv8EqYhOp8dOOviLj2ugtTiXRaRQS7GLGxZTLL1jWhMeoSCf5zmcZkqTl9IiYfXcQ==",
			"license": "MIT",
			"peerDependencies": {
				"@types/react": "*",
				"react": "^16.8 || ^17.0 || ^18.0 || ^19.0 || ^19.0.0-rc"
			},
			"peerDependenciesMeta": {
				"@types/react": {
					"optional": true
				}
			}
		},
		"node_modules/@radix-ui/react-use-previous": {
			"version": "1.1.1",
			"resolved": "https://registry.npmjs.org/@radix-ui/react-use-previous/-/react-use-previous-1.1.1.tgz",
			"integrity": "sha512-2dHfToCj/pzca2Ck724OZ5L0EVrr3eHRNsG/b3xQJLA2hZpVCS99bLAX+hm1IHXDEnzU6by5z/5MIY794/a8NQ==",
			"license": "MIT",
			"peerDependencies": {
				"@types/react": "*",
				"react": "^16.8 || ^17.0 || ^18.0 || ^19.0 || ^19.0.0-rc"
			},
			"peerDependenciesMeta": {
				"@types/react": {
					"optional": true
				}
			}
		},
		"node_modules/@radix-ui/react-use-rect": {
			"version": "1.1.1",
			"resolved": "https://registry.npmjs.org/@radix-ui/react-use-rect/-/react-use-rect-1.1.1.tgz",
			"integrity": "sha512-QTYuDesS0VtuHNNvMh+CjlKJ4LJickCMUAqjlE3+j8w+RlRpwyX3apEQKGFzbZGdo7XNG1tXa+bQqIE7HIXT2w==",
			"license": "MIT",
			"dependencies": {
				"@radix-ui/rect": "1.1.1"
			},
			"peerDependencies": {
				"@types/react": "*",
				"react": "^16.8 || ^17.0 || ^18.0 || ^19.0 || ^19.0.0-rc"
			},
			"peerDependenciesMeta": {
				"@types/react": {
					"optional": true
				}
			}
		},
		"node_modules/@radix-ui/react-use-size": {
			"version": "1.1.1",
			"resolved": "https://registry.npmjs.org/@radix-ui/react-use-size/-/react-use-size-1.1.1.tgz",
			"integrity": "sha512-ewrXRDTAqAXlkl6t/fkXWNAhFX9I+CkKlw6zjEwk86RSPKwZr3xpBRso655aqYafwtnbpHLj6toFzmd6xdVptQ==",
			"license": "MIT",
			"dependencies": {
				"@radix-ui/react-use-layout-effect": "1.1.1"
			},
			"peerDependencies": {
				"@types/react": "*",
				"react": "^16.8 || ^17.0 || ^18.0 || ^19.0 || ^19.0.0-rc"
			},
			"peerDependenciesMeta": {
				"@types/react": {
					"optional": true
				}
			}
		},
		"node_modules/@radix-ui/react-visually-hidden": {
			"version": "1.2.0",
			"resolved": "https://registry.npmjs.org/@radix-ui/react-visually-hidden/-/react-visually-hidden-1.2.0.tgz",
			"integrity": "sha512-rQj0aAWOpCdCMRbI6pLQm8r7S2BM3YhTa0SzOYD55k+hJA8oo9J+H+9wLM9oMlZWOX/wJWPTzfDfmZkf7LvCfg==",
			"license": "MIT",
			"dependencies": {
				"@radix-ui/react-primitive": "2.1.0"
			},
			"peerDependencies": {
				"@types/react": "*",
				"@types/react-dom": "*",
				"react": "^16.8 || ^17.0 || ^18.0 || ^19.0 || ^19.0.0-rc",
				"react-dom": "^16.8 || ^17.0 || ^18.0 || ^19.0 || ^19.0.0-rc"
			},
			"peerDependenciesMeta": {
				"@types/react": {
					"optional": true
				},
				"@types/react-dom": {
					"optional": true
				}
			}
		},
		"node_modules/@radix-ui/rect": {
			"version": "1.1.1",
			"resolved": "https://registry.npmjs.org/@radix-ui/rect/-/rect-1.1.1.tgz",
			"integrity": "sha512-HPwpGIzkl28mWyZqG52jiqDJ12waP11Pa1lGoiyUkIEuMLBP0oeK/C89esbXrxsky5we7dfd8U58nm0SgAWpVw==",
			"license": "MIT"
		},
		"node_modules/@simplewebauthn/server": {
			"version": "13.1.1",
			"resolved": "https://registry.npmjs.org/@simplewebauthn/server/-/server-13.1.1.tgz",
			"integrity": "sha512-1hsLpRHfSuMB9ee2aAdh0Htza/X3f4djhYISrggqGe3xopNjOcePiSDkDDoPzDYaaMCrbqGP1H2TYU7bgL9PmA==",
			"license": "MIT",
			"dependencies": {
				"@hexagon/base64": "^1.1.27",
				"@levischuck/tiny-cbor": "^0.2.2",
				"@peculiar/asn1-android": "^2.3.10",
				"@peculiar/asn1-ecc": "^2.3.8",
				"@peculiar/asn1-rsa": "^2.3.8",
				"@peculiar/asn1-schema": "^2.3.8",
				"@peculiar/asn1-x509": "^2.3.8"
			},
			"engines": {
				"node": ">=20.0.0"
			}
		},
		"node_modules/@standard-schema/utils": {
			"version": "0.3.0",
			"resolved": "https://registry.npmjs.org/@standard-schema/utils/-/utils-0.3.0.tgz",
			"integrity": "sha512-e7Mew686owMaPJVNNLs55PUvgz371nKgwsc4vxE49zsODpJEnxgxRo2y/OKrqueavXgZNMDVj3DdHFlaSAeU8g==",
			"license": "MIT"
		},
		"node_modules/@types/bun": {
			"version": "1.2.11",
			"resolved": "https://registry.npmjs.org/@types/bun/-/bun-1.2.11.tgz",
			"integrity": "sha512-ZLbbI91EmmGwlWTRWuV6J19IUiUC5YQ3TCEuSHI3usIP75kuoA8/0PVF+LTrbEnVc8JIhpElWOxv1ocI1fJBbw==",
			"dev": true,
			"license": "MIT",
			"dependencies": {
				"bun-types": "1.2.11"
			}
		},
		"node_modules/@types/node": {
			"version": "22.15.3",
			"resolved": "https://registry.npmjs.org/@types/node/-/node-22.15.3.tgz",
			"integrity": "sha512-lX7HFZeHf4QG/J7tBZqrCAXwz9J5RD56Y6MpP0eJkka8p+K0RY/yBTW7CYFJ4VGCclxqOLKmiGP5juQc6MKgcw==",
			"dev": true,
			"license": "MIT",
			"dependencies": {
				"undici-types": "~6.21.0"
			}
		},
		"node_modules/@types/react": {
			"version": "19.1.2",
			"resolved": "https://registry.npmjs.org/@types/react/-/react-19.1.2.tgz",
			"integrity": "sha512-oxLPMytKchWGbnQM9O7D67uPa9paTNxO7jVoNMXgkkErULBPhPARCfkKL9ytcIJJRGjbsVwW4ugJzyFFvm/Tiw==",
			"devOptional": true,
			"license": "MIT",
			"dependencies": {
				"csstype": "^3.0.2"
			}
		},
		"node_modules/@types/react-dom": {
			"version": "19.1.2",
			"resolved": "https://registry.npmjs.org/@types/react-dom/-/react-dom-19.1.2.tgz",
			"integrity": "sha512-XGJkWF41Qq305SKWEILa1O8vzhb3aOo3ogBlSmiqNko/WmRb6QIaweuZCXjKygVDXpzXb5wyxKTSOsmkuqj+Qw==",
			"devOptional": true,
			"license": "MIT",
			"peerDependencies": {
				"@types/react": "^19.0.0"
			}
		},
		"node_modules/aria-hidden": {
			"version": "1.2.4",
			"resolved": "https://registry.npmjs.org/aria-hidden/-/aria-hidden-1.2.4.tgz",
			"integrity": "sha512-y+CcFFwelSXpLZk/7fMB2mUbGtX9lKycf1MWJ7CaTIERyitVlyQx6C+sxcROU2BAJ24OiZyK+8wj2i8AlBoS3A==",
			"license": "MIT",
			"dependencies": {
				"tslib": "^2.0.0"
			},
			"engines": {
				"node": ">=10"
			}
		},
		"node_modules/asn1js": {
			"version": "3.0.6",
			"resolved": "https://registry.npmjs.org/asn1js/-/asn1js-3.0.6.tgz",
			"integrity": "sha512-UOCGPYbl0tv8+006qks/dTgV9ajs97X2p0FAbyS2iyCRrmLSRolDaHdp+v/CLgnzHc3fVB+CwYiUmei7ndFcgA==",
			"license": "BSD-3-Clause",
			"dependencies": {
				"pvtsutils": "^1.3.6",
				"pvutils": "^1.1.3",
				"tslib": "^2.8.1"
			},
			"engines": {
				"node": ">=12.0.0"
			}
		},
		"node_modules/base64url": {
			"version": "3.0.1",
			"resolved": "https://registry.npmjs.org/base64url/-/base64url-3.0.1.tgz",
			"integrity": "sha512-ir1UPr3dkwexU7FdV8qBBbNDRUhMmIekYMFZfi+C/sLNnRESKPl23nB9b2pltqfOQNnGzsDdId90AEtG5tCx4A==",
			"license": "MIT",
			"engines": {
				"node": ">=6.0.0"
			}
		},
		"node_modules/bun-plugin-tailwind": {
			"version": "0.0.14",
			"resolved": "https://registry.npmjs.org/bun-plugin-tailwind/-/bun-plugin-tailwind-0.0.14.tgz",
			"integrity": "sha512-Ge8M8DQsRDErCzH/uI8pYjx5vZWXxQvnwM/xMQMElxQqHieGbAopfYo/q/kllkPkRbFHiwhnHwTpRMAMJZCjug==",
			"license": "MIT",
			"dependencies": {
				"tailwindcss": "4.0.0-beta.9"
			},
			"peerDependencies": {
				"typescript": "^5.0.0"
			}
		},
		"node_modules/bun-plugin-tailwind/node_modules/tailwindcss": {
			"version": "4.0.0-beta.9",
			"resolved": "https://registry.npmjs.org/tailwindcss/-/tailwindcss-4.0.0-beta.9.tgz",
			"integrity": "sha512-96KpsfQi+/sFIOfyFnGzyy5pobuzf1iMBD9NVtelerPM/lPI2XUS4Kikw9yuKRniXXw77ov1sl7gCSKLsn6CJA==",
			"license": "MIT"
		},
		"node_modules/bun-types": {
			"version": "1.2.11",
			"resolved": "https://registry.npmjs.org/bun-types/-/bun-types-1.2.11.tgz",
			"integrity": "sha512-dbkp5Lo8HDrXkLrONm6bk+yiiYQSntvFUzQp0v3pzTAsXk6FtgVMjdQ+lzFNVAmQFUkPQZ3WMZqH5tTo+Dp/IA==",
			"dev": true,
			"license": "MIT",
			"dependencies": {
				"@types/node": "*"
			}
		},
		"node_modules/class-variance-authority": {
			"version": "0.7.1",
			"resolved": "https://registry.npmjs.org/class-variance-authority/-/class-variance-authority-0.7.1.tgz",
			"integrity": "sha512-Ka+9Trutv7G8M6WT6SeiRWz792K5qEqIGEGzXKhAE6xOWAY6pPH8U+9IY3oCMv6kqTmLsv7Xh/2w2RigkePMsg==",
			"license": "Apache-2.0",
			"dependencies": {
				"clsx": "^2.1.1"
			},
			"funding": {
				"url": "https://polar.sh/cva"
			}
		},
		"node_modules/clsx": {
			"version": "2.1.1",
			"resolved": "https://registry.npmjs.org/clsx/-/clsx-2.1.1.tgz",
			"integrity": "sha512-eYm0QWBtUrBWZWG0d386OGAw16Z995PiOVo2B7bjWSbHedGl5e0ZWaq65kOGgUSNesEIDkB9ISbTg/JK9dhCZA==",
			"license": "MIT",
			"engines": {
				"node": ">=6"
			}
		},
		"node_modules/cookie": {
			"version": "1.0.2",
			"resolved": "https://registry.npmjs.org/cookie/-/cookie-1.0.2.tgz",
			"integrity": "sha512-9Kr/j4O16ISv8zBBhJoi4bXOYNTkFLOqSL3UDB0njXxCXNezjeyVrJyGOWtgfs/q2km1gwBcfH8q1yEGoMYunA==",
			"license": "MIT",
			"engines": {
				"node": ">=18"
			}
		},
		"node_modules/csstype": {
			"version": "3.1.3",
			"resolved": "https://registry.npmjs.org/csstype/-/csstype-3.1.3.tgz",
			"integrity": "sha512-M1uQkMl8rQK/szD0LNhtqxIPLpimGm8sOBwU7lLnCpSbTyY3yeU1Vc7l4KT5zT4s/yOxHH5O7tIuuLOCnLADRw==",
			"devOptional": true,
			"license": "MIT"
		},
		"node_modules/detect-node-es": {
			"version": "1.1.0",
			"resolved": "https://registry.npmjs.org/detect-node-es/-/detect-node-es-1.1.0.tgz",
			"integrity": "sha512-ypdmJU/TbBby2Dxibuv7ZLW3Bs1QEmM7nHjEANfohJLvE0XVujisn1qPJcZxg+qDucsr+bP6fLD1rPS3AhJ7EQ==",
			"license": "MIT"
		},
		"node_modules/get-nonce": {
			"version": "1.0.1",
			"resolved": "https://registry.npmjs.org/get-nonce/-/get-nonce-1.0.1.tgz",
			"integrity": "sha512-FJhYRoDaiatfEkUK8HKlicmu/3SGFD51q3itKDGoSTysQJBnfOcxU5GxnhE1E6soB76MbT0MBtnKJuXyAx+96Q==",
			"license": "MIT",
			"engines": {
				"node": ">=6"
			}
		},
		"node_modules/kyc-server": {
			"resolved": "",
			"link": true
		},
		"node_modules/lucide-react": {
			"version": "0.477.0",
			"license": "ISC",
			"peerDependencies": {
				"react": "^16.5.1 || ^17.0.0 || ^18.0.0 || ^19.0.0"
			}
		},
		"node_modules/pvtsutils": {
			"version": "1.3.6",
			"resolved": "https://registry.npmjs.org/pvtsutils/-/pvtsutils-1.3.6.tgz",
			"integrity": "sha512-PLgQXQ6H2FWCaeRak8vvk1GW462lMxB5s3Jm673N82zI4vqtVUPuZdffdZbPDFRoU8kAhItWFtPCWiPpp4/EDg==",
			"license": "MIT",
			"dependencies": {
				"tslib": "^2.8.1"
			}
		},
		"node_modules/pvutils": {
			"version": "1.1.3",
			"resolved": "https://registry.npmjs.org/pvutils/-/pvutils-1.1.3.tgz",
			"integrity": "sha512-pMpnA0qRdFp32b1sJl1wOJNxZLQ2cbQx+k6tjNtZ8CpvVhNqEPRgivZ2WOUev2YMajecdH7ctUPDvEe87nariQ==",
			"license": "MIT",
			"engines": {
				"node": ">=6.0.0"
			}
		},
		"node_modules/react": {
			"version": "19.1.0",
			"resolved": "https://registry.npmjs.org/react/-/react-19.1.0.tgz",
			"integrity": "sha512-FS+XFBNvn3GTAWq26joslQgWNoFu08F4kl0J4CgdNKADkdSGXQyTCnKteIAJy96Br6YbpEU1LSzV5dYtjMkMDg==",
			"license": "MIT",
			"engines": {
				"node": ">=0.10.0"
			}
		},
		"node_modules/react-dom": {
			"version": "19.1.0",
			"resolved": "https://registry.npmjs.org/react-dom/-/react-dom-19.1.0.tgz",
			"integrity": "sha512-Xs1hdnE+DyKgeHJeJznQmYMIBG3TKIHJJT95Q58nHLSrElKlGQqDTR2HQ9fx5CN/Gk6Vh/kupBTDLU11/nDk/g==",
			"license": "MIT",
			"dependencies": {
				"scheduler": "^0.26.0"
			},
			"peerDependencies": {
				"react": "^19.1.0"
			}
		},
		"node_modules/react-hook-form": {
			"version": "7.56.1",
			"resolved": "https://registry.npmjs.org/react-hook-form/-/react-hook-form-7.56.1.tgz",
			"integrity": "sha512-qWAVokhSpshhcEuQDSANHx3jiAEFzu2HAaaQIzi/r9FNPm1ioAvuJSD4EuZzWd7Al7nTRKcKPnBKO7sRn+zavQ==",
			"license": "MIT",
			"engines": {
				"node": ">=18.0.0"
			},
			"funding": {
				"type": "opencollective",
				"url": "https://opencollective.com/react-hook-form"
			},
			"peerDependencies": {
				"react": "^16.8.0 || ^17 || ^18 || ^19"
			}
		},
		"node_modules/react-remove-scroll": {
			"version": "2.6.3",
			"resolved": "https://registry.npmjs.org/react-remove-scroll/-/react-remove-scroll-2.6.3.tgz",
			"integrity": "sha512-pnAi91oOk8g8ABQKGF5/M9qxmmOPxaAnopyTHYfqYEwJhyFrbbBtHuSgtKEoH0jpcxx5o3hXqH1mNd9/Oi+8iQ==",
			"license": "MIT",
			"dependencies": {
				"react-remove-scroll-bar": "^2.3.7",
				"react-style-singleton": "^2.2.3",
				"tslib": "^2.1.0",
				"use-callback-ref": "^1.3.3",
				"use-sidecar": "^1.1.3"
			},
			"engines": {
				"node": ">=10"
			},
			"peerDependencies": {
				"@types/react": "*",
				"react": "^16.8.0 || ^17.0.0 || ^18.0.0 || ^19.0.0 || ^19.0.0-rc"
			},
			"peerDependenciesMeta": {
				"@types/react": {
					"optional": true
				}
			}
		},
		"node_modules/react-remove-scroll-bar": {
			"version": "2.3.8",
			"resolved": "https://registry.npmjs.org/react-remove-scroll-bar/-/react-remove-scroll-bar-2.3.8.tgz",
			"integrity": "sha512-9r+yi9+mgU33AKcj6IbT9oRCO78WriSj6t/cF8DWBZJ9aOGPOTEDvdUDz1FwKim7QXWwmHqtdHnRJfhAxEG46Q==",
			"license": "MIT",
			"dependencies": {
				"react-style-singleton": "^2.2.2",
				"tslib": "^2.0.0"
			},
			"engines": {
				"node": ">=10"
			},
			"peerDependencies": {
				"@types/react": "*",
				"react": "^16.8.0 || ^17.0.0 || ^18.0.0 || ^19.0.0"
			},
			"peerDependenciesMeta": {
				"@types/react": {
					"optional": true
				}
			}
		},
		"node_modules/react-router": {
			"version": "7.5.3",
			"resolved": "https://registry.npmjs.org/react-router/-/react-router-7.5.3.tgz",
			"integrity": "sha512-3iUDM4/fZCQ89SXlDa+Ph3MevBrozBAI655OAfWQlTm9nBR0IKlrmNwFow5lPHttbwvITZfkeeeZFP6zt3F7pw==",
			"license": "MIT",
			"dependencies": {
				"cookie": "^1.0.1",
				"set-cookie-parser": "^2.6.0",
				"turbo-stream": "2.4.0"
			},
			"engines": {
				"node": ">=20.0.0"
			},
			"peerDependencies": {
				"react": ">=18",
				"react-dom": ">=18"
			},
			"peerDependenciesMeta": {
				"react-dom": {
					"optional": true
				}
			}
		},
		"node_modules/react-router-dom": {
			"version": "7.5.3",
			"resolved": "https://registry.npmjs.org/react-router-dom/-/react-router-dom-7.5.3.tgz",
			"integrity": "sha512-cK0jSaTyW4jV9SRKAItMIQfWZ/D6WEZafgHuuCb9g+SjhLolY78qc+De4w/Cz9ybjvLzShAmaIMEXt8iF1Cm+A==",
			"license": "MIT",
			"dependencies": {
				"react-router": "7.5.3"
			},
			"engines": {
				"node": ">=20.0.0"
			},
			"peerDependencies": {
				"react": ">=18",
				"react-dom": ">=18"
			}
		},
		"node_modules/react-style-singleton": {
			"version": "2.2.3",
			"resolved": "https://registry.npmjs.org/react-style-singleton/-/react-style-singleton-2.2.3.tgz",
			"integrity": "sha512-b6jSvxvVnyptAiLjbkWLE/lOnR4lfTtDAl+eUC7RZy+QQWc6wRzIV2CE6xBuMmDxc2qIihtDCZD5NPOFl7fRBQ==",
			"license": "MIT",
			"dependencies": {
				"get-nonce": "^1.0.0",
				"tslib": "^2.0.0"
			},
			"engines": {
				"node": ">=10"
			},
			"peerDependencies": {
				"@types/react": "*",
				"react": "^16.8.0 || ^17.0.0 || ^18.0.0 || ^19.0.0 || ^19.0.0-rc"
			},
			"peerDependenciesMeta": {
				"@types/react": {
					"optional": true
				}
			}
		},
		"node_modules/scheduler": {
			"version": "0.26.0",
			"resolved": "https://registry.npmjs.org/scheduler/-/scheduler-0.26.0.tgz",
			"integrity": "sha512-NlHwttCI/l5gCPR3D1nNXtWABUmBwvZpEQiD4IXSbIDq8BzLIK/7Ir5gTFSGZDUu37K5cMNp0hFtzO38sC7gWA==",
			"license": "MIT"
		},
		"node_modules/set-cookie-parser": {
			"version": "2.7.1",
			"resolved": "https://registry.npmjs.org/set-cookie-parser/-/set-cookie-parser-2.7.1.tgz",
			"integrity": "sha512-IOc8uWeOZgnb3ptbCURJWNjWUPcO3ZnTTdzsurqERrP6nPyv+paC55vJM0LpOlT2ne+Ix+9+CRG1MNLlyZ4GjQ==",
			"license": "MIT"
		},
		"node_modules/tailwind-merge": {
			"version": "3.2.0",
			"resolved": "https://registry.npmjs.org/tailwind-merge/-/tailwind-merge-3.2.0.tgz",
			"integrity": "sha512-FQT/OVqCD+7edmmJpsgCsY820RTD5AkBryuG5IUqR5YQZSdj5xlH5nLgH7YPths7WsLPSpSBNneJdM8aS8aeFA==",
			"license": "MIT",
			"funding": {
				"type": "github",
				"url": "https://github.com/sponsors/dcastil"
			}
		},
		"node_modules/tailwindcss": {
			"version": "4.1.4",
			"license": "MIT"
		},
		"node_modules/tailwindcss-animate": {
			"version": "1.0.7",
			"resolved": "https://registry.npmjs.org/tailwindcss-animate/-/tailwindcss-animate-1.0.7.tgz",
			"integrity": "sha512-bl6mpH3T7I3UFxuvDEXLxy/VuFxBk5bbzplh7tXI68mwMokNYd1t9qPBHlnyTwfa4JGC4zP516I1hYYtQ/vspA==",
			"license": "MIT",
			"peerDependencies": {
				"tailwindcss": ">=3.0.0 || insiders"
			}
		},
		"node_modules/tslib": {
			"version": "2.8.1",
			"resolved": "https://registry.npmjs.org/tslib/-/tslib-2.8.1.tgz",
			"integrity": "sha512-oJFu94HQb+KVduSUQL7wnpmqnfmLsOA/nAh6b6EH0wCEoK0/mPeXU6c3wKDV83MkOuHPRHtSXKKU99IBazS/2w==",
			"license": "0BSD"
		},
		"node_modules/turbo-stream": {
			"version": "2.4.0",
			"resolved": "https://registry.npmjs.org/turbo-stream/-/turbo-stream-2.4.0.tgz",
			"integrity": "sha512-FHncC10WpBd2eOmGwpmQsWLDoK4cqsA/UT/GqNoaKOQnT8uzhtCbg3EoUDMvqpOSAI0S26mr0rkjzbOO6S3v1g==",
			"license": "ISC"
		},
		"node_modules/typescript": {
			"version": "5.8.3",
			"resolved": "https://registry.npmjs.org/typescript/-/typescript-5.8.3.tgz",
			"integrity": "sha512-p1diW6TqL9L07nNxvRMM7hMMw4c5XOo/1ibL4aAIGmSAt9slTE1Xgw5KWuof2uTOvCg9BY7ZRi+GaF+7sfgPeQ==",
			"license": "Apache-2.0",
			"peer": true,
			"bin": {
				"tsc": "bin/tsc",
				"tsserver": "bin/tsserver"
			},
			"engines": {
				"node": ">=14.17"
			}
		},
		"node_modules/undici-types": {
			"version": "6.21.0",
			"resolved": "https://registry.npmjs.org/undici-types/-/undici-types-6.21.0.tgz",
			"integrity": "sha512-iwDZqg0QAGrg9Rav5H4n0M64c3mkR59cJ6wQp+7C4nI0gsmExaedaYLNO44eT4AtBBwjbTiGPMlt2Md0T9H9JQ==",
			"dev": true,
			"license": "MIT"
		},
		"node_modules/use-callback-ref": {
			"version": "1.3.3",
			"resolved": "https://registry.npmjs.org/use-callback-ref/-/use-callback-ref-1.3.3.tgz",
			"integrity": "sha512-jQL3lRnocaFtu3V00JToYz/4QkNWswxijDaCVNZRiRTO3HQDLsdu1ZtmIUvV4yPp+rvWm5j0y0TG/S61cuijTg==",
			"license": "MIT",
			"dependencies": {
				"tslib": "^2.0.0"
			},
			"engines": {
				"node": ">=10"
			},
			"peerDependencies": {
				"@types/react": "*",
				"react": "^16.8.0 || ^17.0.0 || ^18.0.0 || ^19.0.0 || ^19.0.0-rc"
			},
			"peerDependenciesMeta": {
				"@types/react": {
					"optional": true
				}
			}
		},
		"node_modules/use-sidecar": {
			"version": "1.1.3",
			"resolved": "https://registry.npmjs.org/use-sidecar/-/use-sidecar-1.1.3.tgz",
			"integrity": "sha512-Fedw0aZvkhynoPYlA5WXrMCAMm+nSWdZt6lzJQ7Ok8S6Q+VsHmHpRWndVRJ8Be0ZbkfPc5LRYH+5XrzXcEeLRQ==",
			"license": "MIT",
			"dependencies": {
				"detect-node-es": "^1.1.0",
				"tslib": "^2.0.0"
			},
			"engines": {
				"node": ">=10"
			},
			"peerDependencies": {
				"@types/react": "*",
				"react": "^16.8.0 || ^17.0.0 || ^18.0.0 || ^19.0.0 || ^19.0.0-rc"
			},
			"peerDependenciesMeta": {
				"@types/react": {
					"optional": true
				}
			}
		},
		"node_modules/zod": {
			"version": "3.24.3",
			"resolved": "https://registry.npmjs.org/zod/-/zod-3.24.3.tgz",
			"integrity": "sha512-HhY1oqzWCQWuUqvBFnsyrtZRhyPeR7SUGv+C4+MsisMuVfSPx8HpwWqH8tRahSlt6M3PiFAcoeFhZAqIXTxoSg==",
			"license": "MIT",
			"funding": {
				"url": "https://github.com/sponsors/colinhacks"
			}
		}
	}
}
